version = 1
revision = 2
requires-python = ">=3.13"

[[package]]
name = "colorama"
version = "0.4.6"
source = { registry = "https://pypi.org/simple" }
sdist = { url = "https://files.pythonhosted.org/packages/d8/53/6f443c9a4a8358a93a6792e2acffb9d9d5cb0a5cfd8802644b7b1c9a02e4/colorama-0.4.6.tar.gz", hash = "sha256:08695f5cb7ed6e0531a20572697297273c47b8cae5a63ffc6d6ed5c201be6e44", size = 27697, upload-time = "2022-10-25T02:36:22.414Z" }
wheels = [
    { url = "https://files.pythonhosted.org/packages/d1/d6/3965ed04c63042e047cb6a3e6ed1a63a35087b6a609aa3a15ed8ac56c221/colorama-0.4.6-py2.py3-none-any.whl", hash = "sha256:4f1d9991f5acc0ca119f9d443620b77f9d6b33703e51011c16baf57afb285fc6", size = 25335, upload-time = "2022-10-25T02:36:20.889Z" },
]

[[package]]
name = "coverage"
version = "7.9.2"
source = { registry = "https://pypi.org/simple" }
sdist = { url = "https://files.pythonhosted.org/packages/04/b7/c0465ca253df10a9e8dae0692a4ae6e9726d245390aaef92360e1d6d3832/coverage-7.9.2.tar.gz", hash = "sha256:997024fa51e3290264ffd7492ec97d0690293ccd2b45a6cd7d82d945a4a80c8b", size = 813556, upload-time = "2025-07-03T10:54:15.101Z" }
wheels = [
    { url = "https://files.pythonhosted.org/packages/94/9d/7a8edf7acbcaa5e5c489a646226bed9591ee1c5e6a84733c0140e9ce1ae1/coverage-7.9.2-cp313-cp313-macosx_10_13_x86_64.whl", hash = "sha256:985abe7f242e0d7bba228ab01070fde1d6c8fa12f142e43debe9ed1dde686038", size = 212367, upload-time = "2025-07-03T10:53:25.811Z" },
    { url = "https://files.pythonhosted.org/packages/e8/9e/5cd6f130150712301f7e40fb5865c1bc27b97689ec57297e568d972eec3c/coverage-7.9.2-cp313-cp313-macosx_11_0_arm64.whl", hash = "sha256:82c3939264a76d44fde7f213924021ed31f55ef28111a19649fec90c0f109e6d", size = 212632, upload-time = "2025-07-03T10:53:27.075Z" },
    { url = "https://files.pythonhosted.org/packages/a8/de/6287a2c2036f9fd991c61cefa8c64e57390e30c894ad3aa52fac4c1e14a8/coverage-7.9.2-cp313-cp313-manylinux_2_17_aarch64.manylinux2014_aarch64.whl", hash = "sha256:ae5d563e970dbe04382f736ec214ef48103d1b875967c89d83c6e3f21706d5b3", size = 245793, upload-time = "2025-07-03T10:53:28.408Z" },
    { url = "https://files.pythonhosted.org/packages/06/cc/9b5a9961d8160e3cb0b558c71f8051fe08aa2dd4b502ee937225da564ed1/coverage-7.9.2-cp313-cp313-manylinux_2_5_i686.manylinux1_i686.manylinux_2_17_i686.manylinux2014_i686.whl", hash = "sha256:bdd612e59baed2a93c8843c9a7cb902260f181370f1d772f4842987535071d14", size = 243006, upload-time = "2025-07-03T10:53:29.754Z" },
    { url = "https://files.pythonhosted.org/packages/49/d9/4616b787d9f597d6443f5588619c1c9f659e1f5fc9eebf63699eb6d34b78/coverage-7.9.2-cp313-cp313-manylinux_2_5_x86_64.manylinux1_x86_64.manylinux_2_17_x86_64.manylinux2014_x86_64.whl", hash = "sha256:256ea87cb2a1ed992bcdfc349d8042dcea1b80436f4ddf6e246d6bee4b5d73b6", size = 244990, upload-time = "2025-07-03T10:53:31.098Z" },
    { url = "https://files.pythonhosted.org/packages/48/83/801cdc10f137b2d02b005a761661649ffa60eb173dcdaeb77f571e4dc192/coverage-7.9.2-cp313-cp313-musllinux_1_2_aarch64.whl", hash = "sha256:f44ae036b63c8ea432f610534a2668b0c3aee810e7037ab9d8ff6883de480f5b", size = 245157, upload-time = "2025-07-03T10:53:32.717Z" },
    { url = "https://files.pythonhosted.org/packages/c8/a4/41911ed7e9d3ceb0ffb019e7635468df7499f5cc3edca5f7dfc078e9c5ec/coverage-7.9.2-cp313-cp313-musllinux_1_2_i686.whl", hash = "sha256:82d76ad87c932935417a19b10cfe7abb15fd3f923cfe47dbdaa74ef4e503752d", size = 243128, upload-time = "2025-07-03T10:53:34.009Z" },
    { url = "https://files.pythonhosted.org/packages/10/41/344543b71d31ac9cb00a664d5d0c9ef134a0fe87cb7d8430003b20fa0b7d/coverage-7.9.2-cp313-cp313-musllinux_1_2_x86_64.whl", hash = "sha256:619317bb86de4193debc712b9e59d5cffd91dc1d178627ab2a77b9870deb2868", size = 244511, upload-time = "2025-07-03T10:53:35.434Z" },
    { url = "https://files.pythonhosted.org/packages/d5/81/3b68c77e4812105e2a060f6946ba9e6f898ddcdc0d2bfc8b4b152a9ae522/coverage-7.9.2-cp313-cp313-win32.whl", hash = "sha256:0a07757de9feb1dfafd16ab651e0f628fd7ce551604d1bf23e47e1ddca93f08a", size = 214765, upload-time = "2025-07-03T10:53:36.787Z" },
    { url = "https://files.pythonhosted.org/packages/06/a2/7fac400f6a346bb1a4004eb2a76fbff0e242cd48926a2ce37a22a6a1d917/coverage-7.9.2-cp313-cp313-win_amd64.whl", hash = "sha256:115db3d1f4d3f35f5bb021e270edd85011934ff97c8797216b62f461dd69374b", size = 215536, upload-time = "2025-07-03T10:53:38.188Z" },
    { url = "https://files.pythonhosted.org/packages/08/47/2c6c215452b4f90d87017e61ea0fd9e0486bb734cb515e3de56e2c32075f/coverage-7.9.2-cp313-cp313-win_arm64.whl", hash = "sha256:48f82f889c80af8b2a7bb6e158d95a3fbec6a3453a1004d04e4f3b5945a02694", size = 213943, upload-time = "2025-07-03T10:53:39.492Z" },
    { url = "https://files.pythonhosted.org/packages/a3/46/e211e942b22d6af5e0f323faa8a9bc7c447a1cf1923b64c47523f36ed488/coverage-7.9.2-cp313-cp313t-macosx_10_13_x86_64.whl", hash = "sha256:55a28954545f9d2f96870b40f6c3386a59ba8ed50caf2d949676dac3ecab99f5", size = 213088, upload-time = "2025-07-03T10:53:40.874Z" },
    { url = "https://files.pythonhosted.org/packages/d2/2f/762551f97e124442eccd907bf8b0de54348635b8866a73567eb4e6417acf/coverage-7.9.2-cp313-cp313t-macosx_11_0_arm64.whl", hash = "sha256:cdef6504637731a63c133bb2e6f0f0214e2748495ec15fe42d1e219d1b133f0b", size = 213298, upload-time = "2025-07-03T10:53:42.218Z" },
    { url = "https://files.pythonhosted.org/packages/7a/b7/76d2d132b7baf7360ed69be0bcab968f151fa31abe6d067f0384439d9edb/coverage-7.9.2-cp313-cp313t-manylinux_2_17_aarch64.manylinux2014_aarch64.whl", hash = "sha256:bcd5ebe66c7a97273d5d2ddd4ad0ed2e706b39630ed4b53e713d360626c3dbb3", size = 256541, upload-time = "2025-07-03T10:53:43.823Z" },
    { url = "https://files.pythonhosted.org/packages/a0/17/392b219837d7ad47d8e5974ce5f8dc3deb9f99a53b3bd4d123602f960c81/coverage-7.9.2-cp313-cp313t-manylinux_2_5_i686.manylinux1_i686.manylinux_2_17_i686.manylinux2014_i686.whl", hash = "sha256:9303aed20872d7a3c9cb39c5d2b9bdbe44e3a9a1aecb52920f7e7495410dfab8", size = 252761, upload-time = "2025-07-03T10:53:45.19Z" },
    { url = "https://files.pythonhosted.org/packages/d5/77/4256d3577fe1b0daa8d3836a1ebe68eaa07dd2cbaf20cf5ab1115d6949d4/coverage-7.9.2-cp313-cp313t-manylinux_2_5_x86_64.manylinux1_x86_64.manylinux_2_17_x86_64.manylinux2014_x86_64.whl", hash = "sha256:bc18ea9e417a04d1920a9a76fe9ebd2f43ca505b81994598482f938d5c315f46", size = 254917, upload-time = "2025-07-03T10:53:46.931Z" },
    { url = "https://files.pythonhosted.org/packages/53/99/fc1a008eef1805e1ddb123cf17af864743354479ea5129a8f838c433cc2c/coverage-7.9.2-cp313-cp313t-musllinux_1_2_aarch64.whl", hash = "sha256:6406cff19880aaaadc932152242523e892faff224da29e241ce2fca329866584", size = 256147, upload-time = "2025-07-03T10:53:48.289Z" },
    { url = "https://files.pythonhosted.org/packages/92/c0/f63bf667e18b7f88c2bdb3160870e277c4874ced87e21426128d70aa741f/coverage-7.9.2-cp313-cp313t-musllinux_1_2_i686.whl", hash = "sha256:2d0d4f6ecdf37fcc19c88fec3e2277d5dee740fb51ffdd69b9579b8c31e4232e", size = 254261, upload-time = "2025-07-03T10:53:49.99Z" },
    { url = "https://files.pythonhosted.org/packages/8c/32/37dd1c42ce3016ff8ec9e4b607650d2e34845c0585d3518b2a93b4830c1a/coverage-7.9.2-cp313-cp313t-musllinux_1_2_x86_64.whl", hash = "sha256:c33624f50cf8de418ab2b4d6ca9eda96dc45b2c4231336bac91454520e8d1fac", size = 255099, upload-time = "2025-07-03T10:53:51.354Z" },
    { url = "https://files.pythonhosted.org/packages/da/2e/af6b86f7c95441ce82f035b3affe1cd147f727bbd92f563be35e2d585683/coverage-7.9.2-cp313-cp313t-win32.whl", hash = "sha256:1df6b76e737c6a92210eebcb2390af59a141f9e9430210595251fbaf02d46926", size = 215440, upload-time = "2025-07-03T10:53:52.808Z" },
    { url = "https://files.pythonhosted.org/packages/4d/bb/8a785d91b308867f6b2e36e41c569b367c00b70c17f54b13ac29bcd2d8c8/coverage-7.9.2-cp313-cp313t-win_amd64.whl", hash = "sha256:f5fd54310b92741ebe00d9c0d1d7b2b27463952c022da6d47c175d246a98d1bd", size = 216537, upload-time = "2025-07-03T10:53:54.273Z" },
    { url = "https://files.pythonhosted.org/packages/1d/a0/a6bffb5e0f41a47279fd45a8f3155bf193f77990ae1c30f9c224b61cacb0/coverage-7.9.2-cp313-cp313t-win_arm64.whl", hash = "sha256:c48c2375287108c887ee87d13b4070a381c6537d30e8487b24ec721bf2a781cb", size = 214398, upload-time = "2025-07-03T10:53:56.715Z" },
    { url = "https://files.pythonhosted.org/packages/3c/38/bbe2e63902847cf79036ecc75550d0698af31c91c7575352eb25190d0fb3/coverage-7.9.2-py3-none-any.whl", hash = "sha256:e425cd5b00f6fc0ed7cdbd766c70be8baab4b7839e4d4fe5fac48581dd968ea4", size = 204005, upload-time = "2025-07-03T10:54:13.491Z" },
]

[[package]]
name = "dataclasses-struct"
version = "1.4.0"
source = { registry = "https://pypi.org/simple" }
sdist = { url = "https://files.pythonhosted.org/packages/ba/04/9ee69793964845a3e70cfabe5de5ea4c96db64159a9915ddf2c55d982656/dataclasses_struct-1.4.0.tar.gz", hash = "sha256:4f727f5251b5e12bb97a9eef3b162c76d862b341a0c2c7fc0036995ea72e63c3", size = 106728, upload-time = "2025-06-21T02:09:45.299Z" }
wheels = [
    { url = "https://files.pythonhosted.org/packages/a4/e4/9e6e67efa2e4e2bb3adbbaff65792d16fd8cba62a49c0b977c7332191125/dataclasses_struct-1.4.0-py3-none-any.whl", hash = "sha256:963f6ce708914de94e6c7faf39410b9bbb29b3d77e2555da5414a8b22d1b4058", size = 14338, upload-time = "2025-06-21T02:09:43.69Z" },
]

[[package]]
name = "iniconfig"
version = "2.1.0"
source = { registry = "https://pypi.org/simple" }
sdist = { url = "https://files.pythonhosted.org/packages/f2/97/ebf4da567aa6827c909642694d71c9fcf53e5b504f2d96afea02718862f3/iniconfig-2.1.0.tar.gz", hash = "sha256:3abbd2e30b36733fee78f9c7f7308f2d0050e88f0087fd25c2645f63c773e1c7", size = 4793, upload-time = "2025-03-19T20:09:59.721Z" }
wheels = [
    { url = "https://files.pythonhosted.org/packages/2c/e1/e6716421ea10d38022b952c159d5161ca1193197fb744506875fbb87ea7b/iniconfig-2.1.0-py3-none-any.whl", hash = "sha256:9deba5723312380e77435581c6bf4935c94cbfab9b1ed33ef8d238ea168eb760", size = 6050, upload-time = "2025-03-19T20:10:01.071Z" },
]

[[package]]
name = "mrds-extract"
version = "0.1.0"
source = { virtual = "." }
dependencies = [
    { name = "dataclasses-struct" },
    { name = "numpy" },
]

[package.optional-dependencies]
test = [
    { name = "pandas-stubs" },
    { name = "pytest" },
    { name = "pytest-cov" },
    { name = "ruff" },
    { name = "taskipy" },
    { name = "ty" },
]

[package.metadata]
requires-dist = [
    { name = "dataclasses-struct", specifier = ">=1.1.0" },
    { name = "numpy" },
    { name = "pandas-stubs", marker = "extra == 'test'" },
    { name = "pytest", marker = "extra == 'test'" },
    { name = "pytest-cov", marker = "extra == 'test'" },
    { name = "ruff", marker = "extra == 'test'", specifier = "==0.12.2" },
    { name = "taskipy", marker = "extra == 'test'" },
    { name = "ty", marker = "extra == 'test'", specifier = "==0.0.1a13" },
]
provides-extras = ["test"]

[[package]]
name = "mslex"
version = "1.3.0"
source = { registry = "https://pypi.org/simple" }
sdist = { url = "https://files.pythonhosted.org/packages/e0/97/7022667073c99a0fe028f2e34b9bf76b49a611afd21b02527fbfd92d4cd5/mslex-1.3.0.tar.gz", hash = "sha256:641c887d1d3db610eee2af37a8e5abda3f70b3006cdfd2d0d29dc0d1ae28a85d", size = 11583, upload-time = "2024-10-16T13:16:18.523Z" }
wheels = [
    { url = "https://files.pythonhosted.org/packages/64/f2/66bd65ca0139675a0d7b18f0bada6e12b51a984e41a76dbe44761bf1b3ee/mslex-1.3.0-py3-none-any.whl", hash = "sha256:c7074b347201b3466fc077c5692fbce9b5f62a63a51f537a53fbbd02eff2eea4", size = 7820, upload-time = "2024-10-16T13:16:17.566Z" },
]

[[package]]
name = "numpy"
version = "2.3.1"
source = { registry = "https://pypi.org/simple" }
sdist = { url = "https://files.pythonhosted.org/packages/2e/19/d7c972dfe90a353dbd3efbbe1d14a5951de80c99c9dc1b93cd998d51dc0f/numpy-2.3.1.tar.gz", hash = "sha256:1ec9ae20a4226da374362cca3c62cd753faf2f951440b0e3b98e93c235441d2b", size = 20390372, upload-time = "2025-06-21T12:28:33.469Z" }
wheels = [
    { url = "https://files.pythonhosted.org/packages/d4/bd/35ad97006d8abff8631293f8ea6adf07b0108ce6fec68da3c3fcca1197f2/numpy-2.3.1-cp313-cp313-macosx_10_13_x86_64.whl", hash = "sha256:25a1992b0a3fdcdaec9f552ef10d8103186f5397ab45e2d25f8ac51b1a6b97e8", size = 20889381, upload-time = "2025-06-21T12:19:04.103Z" },
    { url = "https://files.pythonhosted.org/packages/f1/4f/df5923874d8095b6062495b39729178eef4a922119cee32a12ee1bd4664c/numpy-2.3.1-cp313-cp313-macosx_11_0_arm64.whl", hash = "sha256:7dea630156d39b02a63c18f508f85010230409db5b2927ba59c8ba4ab3e8272e", size = 14152726, upload-time = "2025-06-21T12:19:25.599Z" },
    { url = "https://files.pythonhosted.org/packages/8c/0f/a1f269b125806212a876f7efb049b06c6f8772cf0121139f97774cd95626/numpy-2.3.1-cp313-cp313-macosx_14_0_arm64.whl", hash = "sha256:bada6058dd886061f10ea15f230ccf7dfff40572e99fef440a4a857c8728c9c0", size = 5105145, upload-time = "2025-06-21T12:19:34.782Z" },
    { url = "https://files.pythonhosted.org/packages/6d/63/a7f7fd5f375b0361682f6ffbf686787e82b7bbd561268e4f30afad2bb3c0/numpy-2.3.1-cp313-cp313-macosx_14_0_x86_64.whl", hash = "sha256:a894f3816eb17b29e4783e5873f92faf55b710c2519e5c351767c51f79d8526d", size = 6639409, upload-time = "2025-06-21T12:19:45.228Z" },
    { url = "https://files.pythonhosted.org/packages/bf/0d/1854a4121af895aab383f4aa233748f1df4671ef331d898e32426756a8a6/numpy-2.3.1-cp313-cp313-manylinux_2_28_aarch64.whl", hash = "sha256:18703df6c4a4fee55fd3d6e5a253d01c5d33a295409b03fda0c86b3ca2ff41a1", size = 14257630, upload-time = "2025-06-21T12:20:06.544Z" },
    { url = "https://files.pythonhosted.org/packages/50/30/af1b277b443f2fb08acf1c55ce9d68ee540043f158630d62cef012750f9f/numpy-2.3.1-cp313-cp313-manylinux_2_28_x86_64.whl", hash = "sha256:5902660491bd7a48b2ec16c23ccb9124b8abfd9583c5fdfa123fe6b421e03de1", size = 16627546, upload-time = "2025-06-21T12:20:31.002Z" },
    { url = "https://files.pythonhosted.org/packages/6e/ec/3b68220c277e463095342d254c61be8144c31208db18d3fd8ef02712bcd6/numpy-2.3.1-cp313-cp313-musllinux_1_2_aarch64.whl", hash = "sha256:36890eb9e9d2081137bd78d29050ba63b8dab95dff7912eadf1185e80074b2a0", size = 15562538, upload-time = "2025-06-21T12:20:54.322Z" },
    { url = "https://files.pythonhosted.org/packages/77/2b/4014f2bcc4404484021c74d4c5ee8eb3de7e3f7ac75f06672f8dcf85140a/numpy-2.3.1-cp313-cp313-musllinux_1_2_x86_64.whl", hash = "sha256:a780033466159c2270531e2b8ac063704592a0bc62ec4a1b991c7c40705eb0e8", size = 18360327, upload-time = "2025-06-21T12:21:21.053Z" },
    { url = "https://files.pythonhosted.org/packages/40/8d/2ddd6c9b30fcf920837b8672f6c65590c7d92e43084c25fc65edc22e93ca/numpy-2.3.1-cp313-cp313-win32.whl", hash = "sha256:39bff12c076812595c3a306f22bfe49919c5513aa1e0e70fac756a0be7c2a2b8", size = 6312330, upload-time = "2025-06-21T12:25:07.447Z" },
    { url = "https://files.pythonhosted.org/packages/dd/c8/beaba449925988d415efccb45bf977ff8327a02f655090627318f6398c7b/numpy-2.3.1-cp313-cp313-win_amd64.whl", hash = "sha256:8d5ee6eec45f08ce507a6570e06f2f879b374a552087a4179ea7838edbcbfa42", size = 12731565, upload-time = "2025-06-21T12:25:26.444Z" },
    { url = "https://files.pythonhosted.org/packages/0b/c3/5c0c575d7ec78c1126998071f58facfc124006635da75b090805e642c62e/numpy-2.3.1-cp313-cp313-win_arm64.whl", hash = "sha256:0c4d9e0a8368db90f93bd192bfa771ace63137c3488d198ee21dfb8e7771916e", size = 10190262, upload-time = "2025-06-21T12:25:42.196Z" },
    { url = "https://files.pythonhosted.org/packages/ea/19/a029cd335cf72f79d2644dcfc22d90f09caa86265cbbde3b5702ccef6890/numpy-2.3.1-cp313-cp313t-macosx_10_13_x86_64.whl", hash = "sha256:b0b5397374f32ec0649dd98c652a1798192042e715df918c20672c62fb52d4b8", size = 20987593, upload-time = "2025-06-21T12:21:51.664Z" },
    { url = "https://files.pythonhosted.org/packages/25/91/8ea8894406209107d9ce19b66314194675d31761fe2cb3c84fe2eeae2f37/numpy-2.3.1-cp313-cp313t-macosx_11_0_arm64.whl", hash = "sha256:c5bdf2015ccfcee8253fb8be695516ac4457c743473a43290fd36eba6a1777eb", size = 14300523, upload-time = "2025-06-21T12:22:13.583Z" },
    { url = "https://files.pythonhosted.org/packages/a6/7f/06187b0066eefc9e7ce77d5f2ddb4e314a55220ad62dd0bfc9f2c44bac14/numpy-2.3.1-cp313-cp313t-macosx_14_0_arm64.whl", hash = "sha256:d70f20df7f08b90a2062c1f07737dd340adccf2068d0f1b9b3d56e2038979fee", size = 5227993, upload-time = "2025-06-21T12:22:22.53Z" },
    { url = "https://files.pythonhosted.org/packages/e8/ec/a926c293c605fa75e9cfb09f1e4840098ed46d2edaa6e2152ee35dc01ed3/numpy-2.3.1-cp313-cp313t-macosx_14_0_x86_64.whl", hash = "sha256:2fb86b7e58f9ac50e1e9dd1290154107e47d1eef23a0ae9145ded06ea606f992", size = 6736652, upload-time = "2025-06-21T12:22:33.629Z" },
    { url = "https://files.pythonhosted.org/packages/e3/62/d68e52fb6fde5586650d4c0ce0b05ff3a48ad4df4ffd1b8866479d1d671d/numpy-2.3.1-cp313-cp313t-manylinux_2_28_aarch64.whl", hash = "sha256:23ab05b2d241f76cb883ce8b9a93a680752fbfcbd51c50eff0b88b979e471d8c", size = 14331561, upload-time = "2025-06-21T12:22:55.056Z" },
    { url = "https://files.pythonhosted.org/packages/fc/ec/b74d3f2430960044bdad6900d9f5edc2dc0fb8bf5a0be0f65287bf2cbe27/numpy-2.3.1-cp313-cp313t-manylinux_2_28_x86_64.whl", hash = "sha256:ce2ce9e5de4703a673e705183f64fd5da5bf36e7beddcb63a25ee2286e71ca48", size = 16693349, upload-time = "2025-06-21T12:23:20.53Z" },
    { url = "https://files.pythonhosted.org/packages/0d/15/def96774b9d7eb198ddadfcbd20281b20ebb510580419197e225f5c55c3e/numpy-2.3.1-cp313-cp313t-musllinux_1_2_aarch64.whl", hash = "sha256:c4913079974eeb5c16ccfd2b1f09354b8fed7e0d6f2cab933104a09a6419b1ee", size = 15642053, upload-time = "2025-06-21T12:23:43.697Z" },
    { url = "https://files.pythonhosted.org/packages/2b/57/c3203974762a759540c6ae71d0ea2341c1fa41d84e4971a8e76d7141678a/numpy-2.3.1-cp313-cp313t-musllinux_1_2_x86_64.whl", hash = "sha256:010ce9b4f00d5c036053ca684c77441f2f2c934fd23bee058b4d6f196efd8280", size = 18434184, upload-time = "2025-06-21T12:24:10.708Z" },
    { url = "https://files.pythonhosted.org/packages/22/8a/ccdf201457ed8ac6245187850aff4ca56a79edbea4829f4e9f14d46fa9a5/numpy-2.3.1-cp313-cp313t-win32.whl", hash = "sha256:6269b9edfe32912584ec496d91b00b6d34282ca1d07eb10e82dfc780907d6c2e", size = 6440678, upload-time = "2025-06-21T12:24:21.596Z" },
    { url = "https://files.pythonhosted.org/packages/f1/7e/7f431d8bd8eb7e03d79294aed238b1b0b174b3148570d03a8a8a8f6a0da9/numpy-2.3.1-cp313-cp313t-win_amd64.whl", hash = "sha256:2a809637460e88a113e186e87f228d74ae2852a2e0c44de275263376f17b5bdc", size = 12870697, upload-time = "2025-06-21T12:24:40.644Z" },
    { url = "https://files.pythonhosted.org/packages/d4/ca/af82bf0fad4c3e573c6930ed743b5308492ff19917c7caaf2f9b6f9e2e98/numpy-2.3.1-cp313-cp313t-win_arm64.whl", hash = "sha256:eccb9a159db9aed60800187bc47a6d3451553f0e1b08b068d8b277ddfbb9b244", size = 10260376, upload-time = "2025-06-21T12:24:56.884Z" },
]

[[package]]
name = "packaging"
version = "25.0"
source = { registry = "https://pypi.org/simple" }
sdist = { url = "https://files.pythonhosted.org/packages/a1/d4/1fc4078c65507b51b96ca8f8c3ba19e6a61c8253c72794544580a7b6c24d/packaging-25.0.tar.gz", hash = "sha256:d443872c98d677bf60f6a1f2f8c1cb748e8fe762d2bf9d3148b5599295b0fc4f", size = 165727, upload-time = "2025-04-19T11:48:59.673Z" }
wheels = [
    { url = "https://files.pythonhosted.org/packages/20/12/38679034af332785aac8774540895e234f4d07f7545804097de4b666afd8/packaging-25.0-py3-none-any.whl", hash = "sha256:29572ef2b1f17581046b3a2227d5c611fb25ec70ca1ba8554b24b0e69331a484", size = 66469, upload-time = "2025-04-19T11:48:57.875Z" },
]

[[package]]
name = "pandas-stubs"
version = "2.3.0.250703"
source = { registry = "https://pypi.org/simple" }
dependencies = [
    { name = "numpy" },
    { name = "types-pytz" },
]
sdist = { url = "https://files.pythonhosted.org/packages/ec/df/c1c51c5cec087b8f4d04669308b700e9648745a77cdd0c8c5e16520703ca/pandas_stubs-2.3.0.250703.tar.gz", hash = "sha256:fb6a8478327b16ed65c46b1541de74f5c5947f3601850caf3e885e0140584717", size = 103910, upload-time = "2025-07-02T17:49:11.667Z" }
wheels = [
    { url = "https://files.pythonhosted.org/packages/75/cb/09d5f9bf7c8659af134ae0ffc1a349038a5d0ff93e45aedc225bde2872a3/pandas_stubs-2.3.0.250703-py3-none-any.whl", hash = "sha256:a9265fc69909f0f7a9cabc5f596d86c9d531499fed86b7838fd3278285d76b81", size = 154719, upload-time = "2025-07-02T17:49:10.697Z" },
]

[[package]]
name = "pluggy"
version = "1.6.0"
source = { registry = "https://pypi.org/simple" }
sdist = { url = "https://files.pythonhosted.org/packages/f9/e2/3e91f31a7d2b083fe6ef3fa267035b518369d9511ffab804f839851d2779/pluggy-1.6.0.tar.gz", hash = "sha256:7dcc130b76258d33b90f61b658791dede3486c3e6bfb003ee5c9bfb396dd22f3", size = 69412, upload-time = "2025-05-15T12:30:07.975Z" }
wheels = [
    { url = "https://files.pythonhosted.org/packages/54/20/4d324d65cc6d9205fabedc306948156824eb9f0ee1633355a8f7ec5c66bf/pluggy-1.6.0-py3-none-any.whl", hash = "sha256:e920276dd6813095e9377c0bc5566d94c932c33b27a3e3945d8389c374dd4746", size = 20538, upload-time = "2025-05-15T12:30:06.134Z" },
]

[[package]]
name = "psutil"
version = "6.1.1"
source = { registry = "https://pypi.org/simple" }
sdist = { url = "https://files.pythonhosted.org/packages/1f/5a/07871137bb752428aa4b659f910b399ba6f291156bdea939be3e96cae7cb/psutil-6.1.1.tar.gz", hash = "sha256:cf8496728c18f2d0b45198f06895be52f36611711746b7f30c464b422b50e2f5", size = 508502, upload-time = "2024-12-19T18:21:20.568Z" }
wheels = [
    { url = "https://files.pythonhosted.org/packages/61/99/ca79d302be46f7bdd8321089762dd4476ee725fce16fc2b2e1dbba8cac17/psutil-6.1.1-cp36-abi3-macosx_10_9_x86_64.whl", hash = "sha256:fc0ed7fe2231a444fc219b9c42d0376e0a9a1a72f16c5cfa0f68d19f1a0663e8", size = 247511, upload-time = "2024-12-19T18:21:45.163Z" },
    { url = "https://files.pythonhosted.org/packages/0b/6b/73dbde0dd38f3782905d4587049b9be64d76671042fdcaf60e2430c6796d/psutil-6.1.1-cp36-abi3-macosx_11_0_arm64.whl", hash = "sha256:0bdd4eab935276290ad3cb718e9809412895ca6b5b334f5a9111ee6d9aff9377", size = 248985, upload-time = "2024-12-19T18:21:49.254Z" },
    { url = "https://files.pythonhosted.org/packages/17/38/c319d31a1d3f88c5b79c68b3116c129e5133f1822157dd6da34043e32ed6/psutil-6.1.1-cp36-abi3-manylinux_2_12_i686.manylinux2010_i686.manylinux_2_17_i686.manylinux2014_i686.whl", hash = "sha256:b6e06c20c05fe95a3d7302d74e7097756d4ba1247975ad6905441ae1b5b66003", size = 284488, upload-time = "2024-12-19T18:21:51.638Z" },
    { url = "https://files.pythonhosted.org/packages/9c/39/0f88a830a1c8a3aba27fededc642da37613c57cbff143412e3536f89784f/psutil-6.1.1-cp36-abi3-manylinux_2_12_x86_64.manylinux2010_x86_64.manylinux_2_17_x86_64.manylinux2014_x86_64.whl", hash = "sha256:97f7cb9921fbec4904f522d972f0c0e1f4fabbdd4e0287813b21215074a0f160", size = 287477, upload-time = "2024-12-19T18:21:55.306Z" },
    { url = "https://files.pythonhosted.org/packages/47/da/99f4345d4ddf2845cb5b5bd0d93d554e84542d116934fde07a0c50bd4e9f/psutil-6.1.1-cp36-abi3-manylinux_2_17_aarch64.manylinux2014_aarch64.whl", hash = "sha256:33431e84fee02bc84ea36d9e2c4a6d395d479c9dd9bba2376c1f6ee8f3a4e0b3", size = 289017, upload-time = "2024-12-19T18:21:57.875Z" },
    { url = "https://files.pythonhosted.org/packages/38/53/bd755c2896f4461fd4f36fa6a6dcb66a88a9e4b9fd4e5b66a77cf9d4a584/psutil-6.1.1-cp37-abi3-win32.whl", hash = "sha256:eaa912e0b11848c4d9279a93d7e2783df352b082f40111e078388701fd479e53", size = 250602, upload-time = "2024-12-19T18:22:08.808Z" },
    { url = "https://files.pythonhosted.org/packages/7b/d7/7831438e6c3ebbfa6e01a927127a6cb42ad3ab844247f3c5b96bea25d73d/psutil-6.1.1-cp37-abi3-win_amd64.whl", hash = "sha256:f35cfccb065fff93529d2afb4a2e89e363fe63ca1e4a5da22b603a85833c2649", size = 254444, upload-time = "2024-12-19T18:22:11.335Z" },
]

[[package]]
name = "pygments"
version = "2.19.2"
source = { registry = "https://pypi.org/simple" }
sdist = { url = "https://files.pythonhosted.org/packages/b0/77/a5b8c569bf593b0140bde72ea885a803b82086995367bf2037de0159d924/pygments-2.19.2.tar.gz", hash = "sha256:636cb2477cec7f8952536970bc533bc43743542f70392ae026374600add5b887", size = 4968631, upload-time = "2025-06-21T13:39:12.283Z" }
wheels = [
    { url = "https://files.pythonhosted.org/packages/c7/21/705964c7812476f378728bdf590ca4b771ec72385c533964653c68e86bdc/pygments-2.19.2-py3-none-any.whl", hash = "sha256:86540386c03d588bb81d44bc3928634ff26449851e99741617ecb9037ee5ec0b", size = 1225217, upload-time = "2025-06-21T13:39:07.939Z" },
]

[[package]]
name = "pytest"
version = "8.4.1"
source = { registry = "https://pypi.org/simple" }
dependencies = [
    { name = "colorama", marker = "sys_platform == 'win32'" },
    { name = "iniconfig" },
    { name = "packaging" },
    { name = "pluggy" },
    { name = "pygments" },
]
sdist = { url = "https://files.pythonhosted.org/packages/08/ba/45911d754e8eba3d5a841a5ce61a65a685ff1798421ac054f85aa8747dfb/pytest-8.4.1.tar.gz", hash = "sha256:7c67fd69174877359ed9371ec3af8a3d2b04741818c51e5e99cc1742251fa93c", size = 1517714, upload-time = "2025-06-18T05:48:06.109Z" }
wheels = [
    { url = "https://files.pythonhosted.org/packages/29/16/c8a903f4c4dffe7a12843191437d7cd8e32751d5de349d45d3fe69544e87/pytest-8.4.1-py3-none-any.whl", hash = "sha256:539c70ba6fcead8e78eebbf1115e8b589e7565830d7d006a8723f19ac8a0afb7", size = 365474, upload-time = "2025-06-18T05:48:03.955Z" },
]

[[package]]
name = "pytest-cov"
version = "6.2.1"
source = { registry = "https://pypi.org/simple" }
dependencies = [
    { name = "coverage" },
    { name = "pluggy" },
    { name = "pytest" },
]
sdist = { url = "https://files.pythonhosted.org/packages/18/99/668cade231f434aaa59bbfbf49469068d2ddd945000621d3d165d2e7dd7b/pytest_cov-6.2.1.tar.gz", hash = "sha256:25cc6cc0a5358204b8108ecedc51a9b57b34cc6b8c967cc2c01a4e00d8a67da2", size = 69432, upload-time = "2025-06-12T10:47:47.684Z" }
wheels = [
    { url = "https://files.pythonhosted.org/packages/bc/16/4ea354101abb1287856baa4af2732be351c7bee728065aed451b678153fd/pytest_cov-6.2.1-py3-none-any.whl", hash = "sha256:f5bc4c23f42f1cdd23c70b1dab1bbaef4fc505ba950d53e0081d0730dd7e86d5", size = 24644, upload-time = "2025-06-12T10:47:45.932Z" },
]

[[package]]
name = "ruff"
version = "0.12.2"
source = { registry = "https://pypi.org/simple" }
sdist = { url = "https://files.pythonhosted.org/packages/6c/3d/d9a195676f25d00dbfcf3cf95fdd4c685c497fcfa7e862a44ac5e4e96480/ruff-0.12.2.tar.gz", hash = "sha256:d7b4f55cd6f325cb7621244f19c873c565a08aff5a4ba9c69aa7355f3f7afd3e", size = 4432239, upload-time = "2025-07-03T16:40:19.566Z" }
wheels = [
    { url = "https://files.pythonhosted.org/packages/74/b6/2098d0126d2d3318fd5bec3ad40d06c25d377d95749f7a0c5af17129b3b1/ruff-0.12.2-py3-none-linux_armv6l.whl", hash = "sha256:093ea2b221df1d2b8e7ad92fc6ffdca40a2cb10d8564477a987b44fd4008a7be", size = 10369761, upload-time = "2025-07-03T16:39:38.847Z" },
    { url = "https://files.pythonhosted.org/packages/b1/4b/5da0142033dbe155dc598cfb99262d8ee2449d76920ea92c4eeb9547c208/ruff-0.12.2-py3-none-macosx_10_12_x86_64.whl", hash = "sha256:09e4cf27cc10f96b1708100fa851e0daf21767e9709e1649175355280e0d950e", size = 11155659, upload-time = "2025-07-03T16:39:42.294Z" },
    { url = "https://files.pythonhosted.org/packages/3e/21/967b82550a503d7c5c5c127d11c935344b35e8c521f52915fc858fb3e473/ruff-0.12.2-py3-none-macosx_11_0_arm64.whl", hash = "sha256:8ae64755b22f4ff85e9c52d1f82644abd0b6b6b6deedceb74bd71f35c24044cc", size = 10537769, upload-time = "2025-07-03T16:39:44.75Z" },
    { url = "https://files.pythonhosted.org/packages/33/91/00cff7102e2ec71a4890fb7ba1803f2cdb122d82787c7d7cf8041fe8cbc1/ruff-0.12.2-py3-none-manylinux_2_17_aarch64.manylinux2014_aarch64.whl", hash = "sha256:3eb3a6b2db4d6e2c77e682f0b988d4d61aff06860158fdb413118ca133d57922", size = 10717602, upload-time = "2025-07-03T16:39:47.652Z" },
    { url = "https://files.pythonhosted.org/packages/9b/eb/928814daec4e1ba9115858adcda44a637fb9010618721937491e4e2283b8/ruff-0.12.2-py3-none-manylinux_2_17_armv7l.manylinux2014_armv7l.whl", hash = "sha256:73448de992d05517170fc37169cbca857dfeaeaa8c2b9be494d7bcb0d36c8f4b", size = 10198772, upload-time = "2025-07-03T16:39:49.641Z" },
    { url = "https://files.pythonhosted.org/packages/50/fa/f15089bc20c40f4f72334f9145dde55ab2b680e51afb3b55422effbf2fb6/ruff-0.12.2-py3-none-manylinux_2_17_i686.manylinux2014_i686.whl", hash = "sha256:3b8b94317cbc2ae4a2771af641739f933934b03555e51515e6e021c64441532d", size = 11845173, upload-time = "2025-07-03T16:39:52.069Z" },
    { url = "https://files.pythonhosted.org/packages/43/9f/1f6f98f39f2b9302acc161a4a2187b1e3a97634fe918a8e731e591841cf4/ruff-0.12.2-py3-none-manylinux_2_17_ppc64.manylinux2014_ppc64.whl", hash = "sha256:45fc42c3bf1d30d2008023a0a9a0cfb06bf9835b147f11fe0679f21ae86d34b1", size = 12553002, upload-time = "2025-07-03T16:39:54.551Z" },
    { url = "https://files.pythonhosted.org/packages/d8/70/08991ac46e38ddd231c8f4fd05ef189b1b94be8883e8c0c146a025c20a19/ruff-0.12.2-py3-none-manylinux_2_17_ppc64le.manylinux2014_ppc64le.whl", hash = "sha256:ce48f675c394c37e958bf229fb5c1e843e20945a6d962cf3ea20b7a107dcd9f4", size = 12171330, upload-time = "2025-07-03T16:39:57.55Z" },
    { url = "https://files.pythonhosted.org/packages/88/a9/5a55266fec474acfd0a1c73285f19dd22461d95a538f29bba02edd07a5d9/ruff-0.12.2-py3-none-manylinux_2_17_s390x.manylinux2014_s390x.whl", hash = "sha256:793d8859445ea47591272021a81391350205a4af65a9392401f418a95dfb75c9", size = 11774717, upload-time = "2025-07-03T16:39:59.78Z" },
    { url = "https://files.pythonhosted.org/packages/87/e5/0c270e458fc73c46c0d0f7cf970bb14786e5fdb88c87b5e423a4bd65232b/ruff-0.12.2-py3-none-manylinux_2_17_x86_64.manylinux2014_x86_64.whl", hash = "sha256:6932323db80484dda89153da3d8e58164d01d6da86857c79f1961934354992da", size = 11646659, upload-time = "2025-07-03T16:40:01.934Z" },
    { url = "https://files.pythonhosted.org/packages/b7/b6/45ab96070c9752af37f0be364d849ed70e9ccede07675b0ec4e3ef76b63b/ruff-0.12.2-py3-none-musllinux_1_2_aarch64.whl", hash = "sha256:6aa7e623a3a11538108f61e859ebf016c4f14a7e6e4eba1980190cacb57714ce", size = 10604012, upload-time = "2025-07-03T16:40:04.363Z" },
    { url = "https://files.pythonhosted.org/packages/86/91/26a6e6a424eb147cc7627eebae095cfa0b4b337a7c1c413c447c9ebb72fd/ruff-0.12.2-py3-none-musllinux_1_2_armv7l.whl", hash = "sha256:2a4a20aeed74671b2def096bdf2eac610c7d8ffcbf4fb0e627c06947a1d7078d", size = 10176799, upload-time = "2025-07-03T16:40:06.514Z" },
    { url = "https://files.pythonhosted.org/packages/f5/0c/9f344583465a61c8918a7cda604226e77b2c548daf8ef7c2bfccf2b37200/ruff-0.12.2-py3-none-musllinux_1_2_i686.whl", hash = "sha256:71a4c550195612f486c9d1f2b045a600aeba851b298c667807ae933478fcef04", size = 11241507, upload-time = "2025-07-03T16:40:08.708Z" },
    { url = "https://files.pythonhosted.org/packages/1c/b7/99c34ded8fb5f86c0280278fa89a0066c3760edc326e935ce0b1550d315d/ruff-0.12.2-py3-none-musllinux_1_2_x86_64.whl", hash = "sha256:4987b8f4ceadf597c927beee65a5eaf994c6e2b631df963f86d8ad1bdea99342", size = 11717609, upload-time = "2025-07-03T16:40:10.836Z" },
    { url = "https://files.pythonhosted.org/packages/51/de/8589fa724590faa057e5a6d171e7f2f6cffe3287406ef40e49c682c07d89/ruff-0.12.2-py3-none-win32.whl", hash = "sha256:369ffb69b70cd55b6c3fc453b9492d98aed98062db9fec828cdfd069555f5f1a", size = 10523823, upload-time = "2025-07-03T16:40:13.203Z" },
    { url = "https://files.pythonhosted.org/packages/94/47/8abf129102ae4c90cba0c2199a1a9b0fa896f6f806238d6f8c14448cc748/ruff-0.12.2-py3-none-win_amd64.whl", hash = "sha256:dca8a3b6d6dc9810ed8f328d406516bf4d660c00caeaef36eb831cf4871b0639", size = 11629831, upload-time = "2025-07-03T16:40:15.478Z" },
    { url = "https://files.pythonhosted.org/packages/e2/1f/72d2946e3cc7456bb837e88000eb3437e55f80db339c840c04015a11115d/ruff-0.12.2-py3-none-win_arm64.whl", hash = "sha256:48d6c6bfb4761df68bc05ae630e24f506755e702d4fb08f08460be778c7ccb12", size = 10735334, upload-time = "2025-07-03T16:40:17.677Z" },
]

[[package]]
name = "taskipy"
version = "1.14.1"
source = { registry = "https://pypi.org/simple" }
dependencies = [
    { name = "colorama" },
    { name = "mslex", marker = "sys_platform == 'win32'" },
    { name = "psutil" },
    { name = "tomli", marker = "python_full_version < '4.0'" },
]
sdist = { url = "https://files.pythonhosted.org/packages/c7/44/572261df3db9c6c3332f8618fafeb07a578fd18b06673c73f000f3586749/taskipy-1.14.1.tar.gz", hash = "sha256:410fbcf89692dfd4b9f39c2b49e1750b0a7b81affd0e2d7ea8c35f9d6a4774ed", size = 14475, upload-time = "2024-11-26T16:37:46.155Z" }
wheels = [
    { url = "https://files.pythonhosted.org/packages/55/97/4e4cfb1391c81e926bebe3d68d5231b5dbc3bb41c6ba48349e68a881462d/taskipy-1.14.1-py3-none-any.whl", hash = "sha256:6e361520f29a0fd2159848e953599f9c75b1d0b047461e4965069caeb94908f1", size = 13052, upload-time = "2024-11-26T16:37:44.546Z" },
]

[[package]]
name = "tomli"
version = "2.2.1"
source = { registry = "https://pypi.org/simple" }
sdist = { url = "https://files.pythonhosted.org/packages/18/87/302344fed471e44a87289cf4967697d07e532f2421fdaf868a303cbae4ff/tomli-2.2.1.tar.gz", hash = "sha256:cd45e1dc79c835ce60f7404ec8119f2eb06d38b1deba146f07ced3bbc44505ff", size = 17175, upload-time = "2024-11-27T22:38:36.873Z" }
wheels = [
    { url = "https://files.pythonhosted.org/packages/04/90/2ee5f2e0362cb8a0b6499dc44f4d7d48f8fff06d28ba46e6f1eaa61a1388/tomli-2.2.1-cp313-cp313-macosx_10_13_x86_64.whl", hash = "sha256:f4039b9cbc3048b2416cc57ab3bda989a6fcf9b36cf8937f01a6e731b64f80d7", size = 132708, upload-time = "2024-11-27T22:38:21.659Z" },
    { url = "https://files.pythonhosted.org/packages/c0/ec/46b4108816de6b385141f082ba99e315501ccd0a2ea23db4a100dd3990ea/tomli-2.2.1-cp313-cp313-macosx_11_0_arm64.whl", hash = "sha256:286f0ca2ffeeb5b9bd4fcc8d6c330534323ec51b2f52da063b11c502da16f30c", size = 123582, upload-time = "2024-11-27T22:38:22.693Z" },
    { url = "https://files.pythonhosted.org/packages/a0/bd/b470466d0137b37b68d24556c38a0cc819e8febe392d5b199dcd7f578365/tomli-2.2.1-cp313-cp313-manylinux_2_17_aarch64.manylinux2014_aarch64.whl", hash = "sha256:a92ef1a44547e894e2a17d24e7557a5e85a9e1d0048b0b5e7541f76c5032cb13", size = 232543, upload-time = "2024-11-27T22:38:24.367Z" },
    { url = "https://files.pythonhosted.org/packages/d9/e5/82e80ff3b751373f7cead2815bcbe2d51c895b3c990686741a8e56ec42ab/tomli-2.2.1-cp313-cp313-manylinux_2_17_x86_64.manylinux2014_x86_64.whl", hash = "sha256:9316dc65bed1684c9a98ee68759ceaed29d229e985297003e494aa825ebb0281", size = 241691, upload-time = "2024-11-27T22:38:26.081Z" },
    { url = "https://files.pythonhosted.org/packages/05/7e/2a110bc2713557d6a1bfb06af23dd01e7dde52b6ee7dadc589868f9abfac/tomli-2.2.1-cp313-cp313-manylinux_2_5_i686.manylinux1_i686.manylinux_2_17_i686.manylinux2014_i686.whl", hash = "sha256:e85e99945e688e32d5a35c1ff38ed0b3f41f43fad8df0bdf79f72b2ba7bc5272", size = 251170, upload-time = "2024-11-27T22:38:27.921Z" },
    { url = "https://files.pythonhosted.org/packages/64/7b/22d713946efe00e0adbcdfd6d1aa119ae03fd0b60ebed51ebb3fa9f5a2e5/tomli-2.2.1-cp313-cp313-musllinux_1_2_aarch64.whl", hash = "sha256:ac065718db92ca818f8d6141b5f66369833d4a80a9d74435a268c52bdfa73140", size = 236530, upload-time = "2024-11-27T22:38:29.591Z" },
    { url = "https://files.pythonhosted.org/packages/38/31/3a76f67da4b0cf37b742ca76beaf819dca0ebef26d78fc794a576e08accf/tomli-2.2.1-cp313-cp313-musllinux_1_2_i686.whl", hash = "sha256:d920f33822747519673ee656a4b6ac33e382eca9d331c87770faa3eef562aeb2", size = 258666, upload-time = "2024-11-27T22:38:30.639Z" },
    { url = "https://files.pythonhosted.org/packages/07/10/5af1293da642aded87e8a988753945d0cf7e00a9452d3911dd3bb354c9e2/tomli-2.2.1-cp313-cp313-musllinux_1_2_x86_64.whl", hash = "sha256:a198f10c4d1b1375d7687bc25294306e551bf1abfa4eace6650070a5c1ae2744", size = 243954, upload-time = "2024-11-27T22:38:31.702Z" },
    { url = "https://files.pythonhosted.org/packages/5b/b9/1ed31d167be802da0fc95020d04cd27b7d7065cc6fbefdd2f9186f60d7bd/tomli-2.2.1-cp313-cp313-win32.whl", hash = "sha256:d3f5614314d758649ab2ab3a62d4f2004c825922f9e370b29416484086b264ec", size = 98724, upload-time = "2024-11-27T22:38:32.837Z" },
    { url = "https://files.pythonhosted.org/packages/c7/32/b0963458706accd9afcfeb867c0f9175a741bf7b19cd424230714d722198/tomli-2.2.1-cp313-cp313-win_amd64.whl", hash = "sha256:a38aa0308e754b0e3c67e344754dff64999ff9b513e691d0e786265c93583c69", size = 109383, upload-time = "2024-11-27T22:38:34.455Z" },
    { url = "https://files.pythonhosted.org/packages/6e/c2/61d3e0f47e2b74ef40a68b9e6ad5984f6241a942f7cd3bbfbdbd03861ea9/tomli-2.2.1-py3-none-any.whl", hash = "sha256:cb55c73c5f4408779d0cf3eef9f762b9c9f147a77de7b258bef0a5628adc85cc", size = 14257, upload-time = "2024-11-27T22:38:35.385Z" },
]

[[package]]
name = "ty"
version = "0.0.1a13"
source = { registry = "https://pypi.org/simple" }
sdist = { url = "https://files.pythonhosted.org/packages/a0/b3/09d622729551bc5071e41ce13cc6c57a71eae0a100c993d8a6024c60ce2d/ty-0.0.1a13.tar.gz", hash = "sha256:2a0a96146540e66264dd8ead9530cc77f4283256b97f2c25588283572e012717", size = 3146596, upload-time = "2025-07-02T17:52:14.198Z" }
wheels = [
    { url = "https://files.pythonhosted.org/packages/41/5e/eadff1754c3b59797077b069202d12b9187b32f6fcd529bebcac54c6f299/ty-0.0.1a13-py3-none-linux_armv6l.whl", hash = "sha256:9c35d6782d88231c72be8fd525183a63e10b3eaae70d425c9697f06a2beaa08b", size = 6900007, upload-time = "2025-07-02T17:51:45.011Z" },
    { url = "https://files.pythonhosted.org/packages/5a/06/a4b21058fc7b2671641ffd51f8bdc37334de0e85b80433ce664afc6dbcac/ty-0.0.1a13-py3-none-macosx_10_12_x86_64.whl", hash = "sha256:abd2e52b66b6f30ebb645b26232bd80ef6cb5a06ce71f0ff55aeb7a038491116", size = 7018543, upload-time = "2025-07-02T17:51:47.123Z" },
    { url = "https://files.pythonhosted.org/packages/7e/37/4345064293bd6543242ba9e627763ab3b2b13fc17d360a9aebc58189b6e4/ty-0.0.1a13-py3-none-macosx_11_0_arm64.whl", hash = "sha256:c824899c45377af42c46a798c19d0dac00b91e5155f8766c701df4fd98a043fd", size = 6645758, upload-time = "2025-07-02T17:51:48.979Z" },
    { url = "https://files.pythonhosted.org/packages/b5/9e/d0b2d3bb147704effeb3ad06276708c90038af709e7fa30f3bac1729c267/ty-0.0.1a13-py3-none-manylinux_2_17_aarch64.manylinux2014_aarch64.whl", hash = "sha256:186ac4ec02746ac46f39651dec2b65ebc5bc026650452e28c55d8b58422ed649", size = 6783008, upload-time = "2025-07-02T17:51:50.393Z" },
    { url = "https://files.pythonhosted.org/packages/96/74/062881a4eb2009702d46c75dafe3f7ba275ff97bdb8a3e6b68ba19c1a049/ty-0.0.1a13-py3-none-manylinux_2_17_armv7l.manylinux2014_armv7l.whl", hash = "sha256:a9f398130e9db4be33d162c7a2ddcaf2e7ec6a4c3db895be419857d30960f14a", size = 6753432, upload-time = "2025-07-02T17:51:52.199Z" },
    { url = "https://files.pythonhosted.org/packages/d3/ef/31d4f3ca9eac47ad32b8f245af3f944f0f2cf08fb91d2977c5b1a5fda243/ty-0.0.1a13-py3-none-manylinux_2_17_i686.manylinux2014_i686.whl", hash = "sha256:8ee3278edffbf1f4ad2abbd679fa31d2f6f39ab6fb652effc17866441559b77f", size = 7560344, upload-time = "2025-07-02T17:51:54.153Z" },
    { url = "https://files.pythonhosted.org/packages/72/3c/b4260108b51f9e1212e06f82fbe5134546159f90239207ef6ebe5746533c/ty-0.0.1a13-py3-none-manylinux_2_17_ppc64.manylinux2014_ppc64.whl", hash = "sha256:0f8d957620c1bc7dba6a996915a4527ae6b252b552bee71b2fd85cecc2b62e69", size = 7997046, upload-time = "2025-07-02T17:51:55.695Z" },
    { url = "https://files.pythonhosted.org/packages/e1/3f/00eefb65b61574816efaecb4779b2f7b8e81de1a90b890aea5d3c9a989dc/ty-0.0.1a13-py3-none-manylinux_2_17_ppc64le.manylinux2014_ppc64le.whl", hash = "sha256:3e58e41fdaf4e8c4639718e29945322070c2c70eea2daa33800d8b2e677b4582", size = 7659362, upload-time = "2025-07-02T17:51:57.246Z" },
    { url = "https://files.pythonhosted.org/packages/8a/c4/d6d9e5f53ae3f3ce82eafb68ab053758a604cabedb29122f1d3f4bcbbb80/ty-0.0.1a13-py3-none-manylinux_2_17_s390x.manylinux2014_s390x.whl", hash = "sha256:58836d12a8238550dcad0e9258af646c8d83e07485b97213ec0cdad0b6afc108", size = 7502769, upload-time = "2025-07-02T17:51:58.899Z" },
    { url = "https://files.pythonhosted.org/packages/6d/fb/85fd217563c68c6e4db419a4e8c4db4b5cdcdc29af4ba736123d6a2224dc/ty-0.0.1a13-py3-none-manylinux_2_17_x86_64.manylinux2014_x86_64.whl", hash = "sha256:d0f36beac8c8833e4fb9dcba47c7028a2be25736c10f9c8836e46981b93c030b", size = 7313939, upload-time = "2025-07-02T17:52:00.573Z" },
    { url = "https://files.pythonhosted.org/packages/47/18/c72ff3354022b8918f6cd0e169b64e1e85f7ccb739343985fefb4ecf09f5/ty-0.0.1a13-py3-none-musllinux_1_2_aarch64.whl", hash = "sha256:082d430c12b6c8fd58774cd1f5a9e7337d5900ef3cb56a567f21915e975ea02c", size = 6678662, upload-time = "2025-07-02T17:52:02.363Z" },
    { url = "https://files.pythonhosted.org/packages/b9/39/8f81eb2b01623725c838437ccdf2733502de8c28a2302a3705d04f6cb681/ty-0.0.1a13-py3-none-musllinux_1_2_armv7l.whl", hash = "sha256:d4dd460a78d2931415fdbe114a91533a811b83e02b57960486ccb7e9d038bd55", size = 6782460, upload-time = "2025-07-02T17:52:04.15Z" },
    { url = "https://files.pythonhosted.org/packages/a2/da/107a3beb2768a9591b6753f630dcb64b336eb9e44379e9cca22635fb5706/ty-0.0.1a13-py3-none-musllinux_1_2_i686.whl", hash = "sha256:64d7239718a3bb7bc771c51da1d7d7f3239eead03903a97bc689fff10f4ae9e4", size = 7210683, upload-time = "2025-07-02T17:52:05.919Z" },
    { url = "https://files.pythonhosted.org/packages/21/31/392fc16133ce393b2271248ac8505c29bd682aacaf1dc9067b02a5c332b0/ty-0.0.1a13-py3-none-musllinux_1_2_x86_64.whl", hash = "sha256:2e86c4348961bbc23543c59a642aad324d7735dc4a3abdce9e7f828bf566b49b", size = 7380187, upload-time = "2025-07-02T17:52:07.693Z" },
    { url = "https://files.pythonhosted.org/packages/b4/f1/7d2afa92c10e57e3a5cd106fb13b0b327d3518cc45e62088c005786e2cdb/ty-0.0.1a13-py3-none-win32.whl", hash = "sha256:18234d30b30ab6df9a5c1891051cf137184ea5bc446172200c25f497cd49eb2a", size = 6514867, upload-time = "2025-07-02T17:52:09.095Z" },
    { url = "https://files.pythonhosted.org/packages/6e/91/93df4ef3b0368cbd59a20c5d72c4806169d0c0f125241148ededdc712896/ty-0.0.1a13-py3-none-win_amd64.whl", hash = "sha256:6e0dc212853166c4083fc2d5d9253f32d97f94b8afd90224dfea78bceffc2569", size = 7120290, upload-time = "2025-07-02T17:52:10.967Z" },
    { url = "https://files.pythonhosted.org/packages/c7/62/fe6cc92db2aa1a344937e5313ba3bbdaed24e54332b8a12fe28a92d314ce/ty-0.0.1a13-py3-none-win_arm64.whl", hash = "sha256:5f2237bb301078d51d006170992abb1e5f3b37cec47a11e6db416a76346f60b5", size = 6727050, upload-time = "2025-07-02T17:52:12.874Z" },
]

[[package]]
name = "types-pytz"
version = "2025.2.0.20250516"
source = { registry = "https://pypi.org/simple" }
sdist = { url = "https://files.pythonhosted.org/packages/bd/72/b0e711fd90409f5a76c75349055d3eb19992c110f0d2d6aabbd6cfbc14bf/types_pytz-2025.2.0.20250516.tar.gz", hash = "sha256:e1216306f8c0d5da6dafd6492e72eb080c9a166171fa80dd7a1990fd8be7a7b3", size = 10940, upload-time = "2025-05-16T03:07:01.91Z" }
wheels = [
    { url = "https://files.pythonhosted.org/packages/c1/ba/e205cd11c1c7183b23c97e4bcd1de7bc0633e2e867601c32ecfc6ad42675/types_pytz-2025.2.0.20250516-py3-none-any.whl", hash = "sha256:e0e0c8a57e2791c19f718ed99ab2ba623856b11620cb6b637e5f62ce285a7451", size = 10136, upload-time = "2025-05-16T03:07:01.075Z" },
]
